
Microsoft Visual Studio Solution File, Format Version 12.00
# Visual Studio Version 16
VisualStudioVersion = 16.0.29806.167
MinimumVisualStudioVersion = 10.0.40219.1
Project("{2150E333-8FDC-42A3-9474-1A3956D46DE8}") = "tests", "tests", "{743CC033-315F-426C-9F0A-6DD1F1858835}"
EndProject
Project("{9A19103F-16F7-4668-BE54-9A1E7A4F7556}") = "Synuit.Toolkit", "Synuit.Toolkit\Synuit.Toolkit.csproj", "{230CE442-1C88-41FA-B602-BECE3FC7C1C0}"
EndProject
Project("{9A19103F-16F7-4668-BE54-9A1E7A4F7556}") = "Synuit.Toolkit.Extensibility", "Synuit.Toolkit.Extensibility\Synuit.Toolkit.Extensibility.csproj", "{D9F4486D-5E91-493D-A75D-5DF7FDB6DF62}"
EndProject
Project("{9A19103F-16F7-4668-BE54-9A1E7A4F7556}") = "Synuit.Toolkit.AspNetCore", "Synuit.Toolkit.AspNetCore\Synuit.Toolkit.AspNetCore.csproj", "{EEDA83A0-25E6-43BF-9BB3-EB4A6C20EF49}"
EndProject
Project("{9A19103F-16F7-4668-BE54-9A1E7A4F7556}") = "Synuit.Toolkit.Tests", "tests\Synuit.Toolkit.Tests\Synuit.Toolkit.Tests.csproj", "{5C491260-1C60-4006-BEA2-6ADFFFE75688}"
EndProject
Project("{9A19103F-16F7-4668-BE54-9A1E7A4F7556}") = "Synuit.Toolkit.Test.Plugin.A", "tests\Synuit.Toolkit.Tests.Plugin.A\Synuit.Toolkit.Test.Plugin.A.csproj", "{6C8D33C8-D555-40BC-B60C-FADFA1CF1181}"
EndProject
Project("{9A19103F-16F7-4668-BE54-9A1E7A4F7556}") = "Synuit.Toolkit.Test.Plugin.B", "tests\Synuit.Toolkit.Tests.Plugin.B\Synuit.Toolkit.Test.Plugin.B.csproj", "{F90FC37E-1D65-4AF1-9631-79DD29887064}"
EndProject
Project("{9A19103F-16F7-4668-BE54-9A1E7A4F7556}") = "combme", "tests\comb\combme.csproj", "{ACE730D7-4631-41CD-BE2A-03617F4BE069}"
EndProject
Global
	GlobalSection(SolutionConfigurationPlatforms) = preSolution
		Debug|Any CPU = Debug|Any CPU
		Release|Any CPU = Release|Any CPU
	EndGlobalSection
	GlobalSection(ProjectConfigurationPlatforms) = postSolution
		{230CE442-1C88-41FA-B602-BECE3FC7C1C0}.Debug|Any CPU.ActiveCfg = Debug|Any CPU
		{230CE442-1C88-41FA-B602-BECE3FC7C1C0}.Debug|Any CPU.Build.0 = Debug|Any CPU
		{230CE442-1C88-41FA-B602-BECE3FC7C1C0}.Release|Any CPU.ActiveCfg = Release|Any CPU
		{230CE442-1C88-41FA-B602-BECE3FC7C1C0}.Release|Any CPU.Build.0 = Release|Any CPU
		{D9F4486D-5E91-493D-A75D-5DF7FDB6DF62}.Debug|Any CPU.ActiveCfg = Debug|Any CPU
		{D9F4486D-5E91-493D-A75D-5DF7FDB6DF62}.Debug|Any CPU.Build.0 = Debug|Any CPU
		{D9F4486D-5E91-493D-A75D-5DF7FDB6DF62}.Release|Any CPU.ActiveCfg = Release|Any CPU
		{D9F4486D-5E91-493D-A75D-5DF7FDB6DF62}.Release|Any CPU.Build.0 = Release|Any CPU
		{EEDA83A0-25E6-43BF-9BB3-EB4A6C20EF49}.Debug|Any CPU.ActiveCfg = Debug|Any CPU
		{EEDA83A0-25E6-43BF-9BB3-EB4A6C20EF49}.Debug|Any CPU.Build.0 = Debug|Any CPU
		{EEDA83A0-25E6-43BF-9BB3-EB4A6C20EF49}.Release|Any CPU.ActiveCfg = Release|Any CPU
		{EEDA83A0-25E6-43BF-9BB3-EB4A6C20EF49}.Release|Any CPU.Build.0 = Release|Any CPU
		{5C491260-1C60-4006-BEA2-6ADFFFE75688}.Debug|Any CPU.ActiveCfg = Debug|Any CPU
		{5C491260-1C60-4006-BEA2-6ADFFFE75688}.Debug|Any CPU.Build.0 = Debug|Any CPU
		{5C491260-1C60-4006-BEA2-6ADFFFE75688}.Release|Any CPU.ActiveCfg = Release|Any CPU
		{5C491260-1C60-4006-BEA2-6ADFFFE75688}.Release|Any CPU.Build.0 = Release|Any CPU
		{6C8D33C8-D555-40BC-B60C-FADFA1CF1181}.Debug|Any CPU.ActiveCfg = Debug|Any CPU
		{6C8D33C8-D555-40BC-B60C-FADFA1CF1181}.Debug|Any CPU.Build.0 = Debug|Any CPU
		{6C8D33C8-D555-40BC-B60C-FADFA1CF1181}.Release|Any CPU.ActiveCfg = Release|Any CPU
		{6C8D33C8-D555-40BC-B60C-FADFA1CF1181}.Release|Any CPU.Build.0 = Release|Any CPU
		{F90FC37E-1D65-4AF1-9631-79DD29887064}.Debug|Any CPU.ActiveCfg = Debug|Any CPU
		{F90FC37E-1D65-4AF1-9631-79DD29887064}.Debug|Any CPU.Build.0 = Debug|Any CPU
		{F90FC37E-1D65-4AF1-9631-79DD29887064}.Release|Any CPU.ActiveCfg = Release|Any CPU
		{F90FC37E-1D65-4AF1-9631-79DD29887064}.Release|Any CPU.Build.0 = Release|Any CPU
		{ACE730D7-4631-41CD-BE2A-03617F4BE069}.Debug|Any CPU.ActiveCfg = Debug|Any CPU
		{ACE730D7-4631-41CD-BE2A-03617F4BE069}.Debug|Any CPU.Build.0 = Debug|Any CPU
		{ACE730D7-4631-41CD-BE2A-03617F4BE069}.Release|Any CPU.ActiveCfg = Release|Any CPU
		{ACE730D7-4631-41CD-BE2A-03617F4BE069}.Release|Any CPU.Build.0 = Release|Any CPU
	EndGlobalSection
	GlobalSection(SolutionProperties) = preSolution
		HideSolutionNode = FALSE
	EndGlobalSection
	GlobalSection(NestedProjects) = preSolution
		{5C491260-1C60-4006-BEA2-6ADFFFE75688} = {743CC033-315F-426C-9F0A-6DD1F1858835}
		{6C8D33C8-D555-40BC-B60C-FADFA1CF1181} = {743CC033-315F-426C-9F0A-6DD1F1858835}
		{F90FC37E-1D65-4AF1-9631-79DD29887064} = {743CC033-315F-426C-9F0A-6DD1F1858835}
		{ACE730D7-4631-41CD-BE2A-03617F4BE069} = {743CC033-315F-426C-9F0A-6DD1F1858835}
	EndGlobalSection
	GlobalSection(ExtensibilityGlobals) = postSolution
		SolutionGuid = {E1CDF4A4-0590-4798-88E4-30012D0928BA}
	EndGlobalSection
EndGlobal
