
Microsoft Visual Studio Solution File, Format Version 12.00
# Visual Studio 2013
VisualStudioVersion = 12.0.31101.0
MinimumVisualStudioVersion = 10.0.40219.1
Project("{FAE04EC0-301F-11D3-BF4B-00C04F79EFBC}") = "GenericDictionaryEditor", "GenericDictionaryEditor\GenericDictionaryEditor.csproj", "{A541272D-0C07-40BC-B03C-73D95E072B99}"
EndProject
Project("{FAE04EC0-301F-11D3-BF4B-00C04F79EFBC}") = "Example", "Example\Example.csproj", "{5A288493-18DD-4ED4-AFAE-CF3CA23E4B22}"
EndProject
Project("{FAE04EC0-301F-11D3-BF4B-00C04F79EFBC}") = "stones_process", "..\..\..\..\..\..\data\projects\mine_to_market\code\stones_process\stones_process.csproj", "{CF745847-117F-44D5-8AEA-050B7D830491}"
EndProject
Global
	GlobalSection(SolutionConfigurationPlatforms) = preSolution
		Debug|Any CPU = Debug|Any CPU
		Debug|Mixed Platforms = Debug|Mixed Platforms
		Debug|x86 = Debug|x86
		Release|Any CPU = Release|Any CPU
		Release|Mixed Platforms = Release|Mixed Platforms
		Release|x86 = Release|x86
	EndGlobalSection
	GlobalSection(ProjectConfigurationPlatforms) = postSolution
		{A541272D-0C07-40BC-B03C-73D95E072B99}.Debug|Any CPU.ActiveCfg = Debug|Any CPU
		{A541272D-0C07-40BC-B03C-73D95E072B99}.Debug|Any CPU.Build.0 = Debug|Any CPU
		{A541272D-0C07-40BC-B03C-73D95E072B99}.Debug|Mixed Platforms.ActiveCfg = Debug|Any CPU
		{A541272D-0C07-40BC-B03C-73D95E072B99}.Debug|Mixed Platforms.Build.0 = Debug|Any CPU
		{A541272D-0C07-40BC-B03C-73D95E072B99}.Debug|x86.ActiveCfg = Debug|Any CPU
		{A541272D-0C07-40BC-B03C-73D95E072B99}.Release|Any CPU.ActiveCfg = Release|Any CPU
		{A541272D-0C07-40BC-B03C-73D95E072B99}.Release|Any CPU.Build.0 = Release|Any CPU
		{A541272D-0C07-40BC-B03C-73D95E072B99}.Release|Mixed Platforms.ActiveCfg = Release|Any CPU
		{A541272D-0C07-40BC-B03C-73D95E072B99}.Release|Mixed Platforms.Build.0 = Release|Any CPU
		{A541272D-0C07-40BC-B03C-73D95E072B99}.Release|x86.ActiveCfg = Release|Any CPU
		{5A288493-18DD-4ED4-AFAE-CF3CA23E4B22}.Debug|Any CPU.ActiveCfg = Debug|x86
		{5A288493-18DD-4ED4-AFAE-CF3CA23E4B22}.Debug|Mixed Platforms.ActiveCfg = Debug|x86
		{5A288493-18DD-4ED4-AFAE-CF3CA23E4B22}.Debug|Mixed Platforms.Build.0 = Debug|x86
		{5A288493-18DD-4ED4-AFAE-CF3CA23E4B22}.Debug|x86.ActiveCfg = Debug|x86
		{5A288493-18DD-4ED4-AFAE-CF3CA23E4B22}.Debug|x86.Build.0 = Debug|x86
		{5A288493-18DD-4ED4-AFAE-CF3CA23E4B22}.Release|Any CPU.ActiveCfg = Release|x86
		{5A288493-18DD-4ED4-AFAE-CF3CA23E4B22}.Release|Mixed Platforms.ActiveCfg = Release|x86
		{5A288493-18DD-4ED4-AFAE-CF3CA23E4B22}.Release|Mixed Platforms.Build.0 = Release|x86
		{5A288493-18DD-4ED4-AFAE-CF3CA23E4B22}.Release|x86.ActiveCfg = Release|x86
		{5A288493-18DD-4ED4-AFAE-CF3CA23E4B22}.Release|x86.Build.0 = Release|x86
		{CF745847-117F-44D5-8AEA-050B7D830491}.Debug|Any CPU.ActiveCfg = Debug|Any CPU
		{CF745847-117F-44D5-8AEA-050B7D830491}.Debug|Any CPU.Build.0 = Debug|Any CPU
		{CF745847-117F-44D5-8AEA-050B7D830491}.Debug|Mixed Platforms.ActiveCfg = Debug|Any CPU
		{CF745847-117F-44D5-8AEA-050B7D830491}.Debug|Mixed Platforms.Build.0 = Debug|Any CPU
		{CF745847-117F-44D5-8AEA-050B7D830491}.Debug|x86.ActiveCfg = Debug|Any CPU
		{CF745847-117F-44D5-8AEA-050B7D830491}.Release|Any CPU.ActiveCfg = Release|Any CPU
		{CF745847-117F-44D5-8AEA-050B7D830491}.Release|Any CPU.Build.0 = Release|Any CPU
		{CF745847-117F-44D5-8AEA-050B7D830491}.Release|Mixed Platforms.ActiveCfg = Release|Any CPU
		{CF745847-117F-44D5-8AEA-050B7D830491}.Release|Mixed Platforms.Build.0 = Release|Any CPU
		{CF745847-117F-44D5-8AEA-050B7D830491}.Release|x86.ActiveCfg = Release|Any CPU
	EndGlobalSection
	GlobalSection(SolutionProperties) = preSolution
		HideSolutionNode = FALSE
	EndGlobalSection
	GlobalSection(SubversionScc) = preSolution
		Svn-Managed = True
		Manager = AnkhSVN - Subversion Support for Visual Studio
	EndGlobalSection
EndGlobal
